// !$*UTF8*$!
{
	archiveVersion = 1;
	classes = {
	};
	objectVersion = 55;
	objects = {

/* Begin PBXBuildFile section */
		1695E0EB27C82427005AA3AC /* Movie.swift in Sources */ = {isa = PBXBuildFile; fileRef = 1695E0EA27C82427005AA3AC /* Movie.swift */; };
		1695E0ED27C82459005AA3AC /* Series.swift in Sources */ = {isa = PBXBuildFile; fileRef = 1695E0EC27C82459005AA3AC /* Series.swift */; };
		1695E0EF27C82485005AA3AC /* Users.swift in Sources */ = {isa = PBXBuildFile; fileRef = 1695E0EE27C82485005AA3AC /* Users.swift */; };
		1695E0F127C824DE005AA3AC /* Search.swift in Sources */ = {isa = PBXBuildFile; fileRef = 1695E0F027C824DE005AA3AC /* Search.swift */; };
		1695E0F327C82506005AA3AC /* Utils.swift in Sources */ = {isa = PBXBuildFile; fileRef = 1695E0F227C82506005AA3AC /* Utils.swift */; };
		1695E0F627C8257E005AA3AC /* MovieService.swift in Sources */ = {isa = PBXBuildFile; fileRef = 1695E0F527C8257E005AA3AC /* MovieService.swift */; };
		1695E0F827C825B1005AA3AC /* MovieStore.swift in Sources */ = {isa = PBXBuildFile; fileRef = 1695E0F727C825B1005AA3AC /* MovieStore.swift */; };
		1695E0FC27C826BB005AA3AC /* ImageLoader.swift in Sources */ = {isa = PBXBuildFile; fileRef = 1695E0FB27C826BB005AA3AC /* ImageLoader.swift */; };
		1695E0FE27C826E5005AA3AC /* MovieDetailState.swift in Sources */ = {isa = PBXBuildFile; fileRef = 1695E0FD27C826E5005AA3AC /* MovieDetailState.swift */; };
		1695E10027C8271C005AA3AC /* MovieListState.swift in Sources */ = {isa = PBXBuildFile; fileRef = 1695E0FF27C8271C005AA3AC /* MovieListState.swift */; };
		1695E10227C82758005AA3AC /* MovieSearchState.swift in Sources */ = {isa = PBXBuildFile; fileRef = 1695E10127C82758005AA3AC /* MovieSearchState.swift */; };
		C01461A827C6B23E001749D4 /* SearchViewController.swift in Sources */ = {isa = PBXBuildFile; fileRef = C01461A727C6B23E001749D4 /* SearchViewController.swift */; };
		C01461B327C7ECE6001749D4 /* MyListViewController.swift in Sources */ = {isa = PBXBuildFile; fileRef = C01461B227C7ECE6001749D4 /* MyListViewController.swift */; };
		C01461B527C7EE7D001749D4 /* FeaturedViewController.swift in Sources */ = {isa = PBXBuildFile; fileRef = C01461B427C7EE7D001749D4 /* FeaturedViewController.swift */; };
		C08DB45927C5125A00D5A79D /* AppDelegate.swift in Sources */ = {isa = PBXBuildFile; fileRef = C08DB45827C5125A00D5A79D /* AppDelegate.swift */; };
		C08DB45B27C5125A00D5A79D /* SceneDelegate.swift in Sources */ = {isa = PBXBuildFile; fileRef = C08DB45A27C5125A00D5A79D /* SceneDelegate.swift */; };
		C08DB45D27C5125A00D5A79D /* ViewController.swift in Sources */ = {isa = PBXBuildFile; fileRef = C08DB45C27C5125A00D5A79D /* ViewController.swift */; };
		C08DB46027C5125A00D5A79D /* Main.storyboard in Resources */ = {isa = PBXBuildFile; fileRef = C08DB45E27C5125A00D5A79D /* Main.storyboard */; };
		C08DB46227C5125B00D5A79D /* Assets.xcassets in Resources */ = {isa = PBXBuildFile; fileRef = C08DB46127C5125B00D5A79D /* Assets.xcassets */; };
		C08DB46527C5125B00D5A79D /* LaunchScreen.storyboard in Resources */ = {isa = PBXBuildFile; fileRef = C08DB46327C5125B00D5A79D /* LaunchScreen.storyboard */; };
/* End PBXBuildFile section */

/* Begin PBXFileReference section */
		1695E0EA27C82427005AA3AC /* Movie.swift */ = {isa = PBXFileReference; lastKnownFileType = sourcecode.swift; path = Movie.swift; sourceTree = "<group>"; };
		1695E0EC27C82459005AA3AC /* Series.swift */ = {isa = PBXFileReference; lastKnownFileType = sourcecode.swift; path = Series.swift; sourceTree = "<group>"; };
		1695E0EE27C82485005AA3AC /* Users.swift */ = {isa = PBXFileReference; lastKnownFileType = sourcecode.swift; path = Users.swift; sourceTree = "<group>"; };
		1695E0F027C824DE005AA3AC /* Search.swift */ = {isa = PBXFileReference; lastKnownFileType = sourcecode.swift; path = Search.swift; sourceTree = "<group>"; };
		1695E0F227C82506005AA3AC /* Utils.swift */ = {isa = PBXFileReference; lastKnownFileType = sourcecode.swift; path = Utils.swift; sourceTree = "<group>"; };
		1695E0F527C8257E005AA3AC /* MovieService.swift */ = {isa = PBXFileReference; lastKnownFileType = sourcecode.swift; path = MovieService.swift; sourceTree = "<group>"; };
		1695E0F727C825B1005AA3AC /* MovieStore.swift */ = {isa = PBXFileReference; lastKnownFileType = sourcecode.swift; path = MovieStore.swift; sourceTree = "<group>"; };
		1695E0FB27C826BB005AA3AC /* ImageLoader.swift */ = {isa = PBXFileReference; lastKnownFileType = sourcecode.swift; path = ImageLoader.swift; sourceTree = "<group>"; };
		1695E0FD27C826E5005AA3AC /* MovieDetailState.swift */ = {isa = PBXFileReference; lastKnownFileType = sourcecode.swift; path = MovieDetailState.swift; sourceTree = "<group>"; };
		1695E0FF27C8271C005AA3AC /* MovieListState.swift */ = {isa = PBXFileReference; lastKnownFileType = sourcecode.swift; path = MovieListState.swift; sourceTree = "<group>"; };
		1695E10127C82758005AA3AC /* MovieSearchState.swift */ = {isa = PBXFileReference; lastKnownFileType = sourcecode.swift; path = MovieSearchState.swift; sourceTree = "<group>"; };
		C01461A727C6B23E001749D4 /* SearchViewController.swift */ = {isa = PBXFileReference; lastKnownFileType = sourcecode.swift; path = SearchViewController.swift; sourceTree = "<group>"; };
		C01461B227C7ECE6001749D4 /* MyListViewController.swift */ = {isa = PBXFileReference; lastKnownFileType = sourcecode.swift; path = MyListViewController.swift; sourceTree = "<group>"; };
		C01461B427C7EE7D001749D4 /* FeaturedViewController.swift */ = {isa = PBXFileReference; lastKnownFileType = sourcecode.swift; path = FeaturedViewController.swift; sourceTree = "<group>"; };
		C08DB45527C5125A00D5A79D /* MovieWatchlistApp.app */ = {isa = PBXFileReference; explicitFileType = wrapper.application; includeInIndex = 0; path = MovieWatchlistApp.app; sourceTree = BUILT_PRODUCTS_DIR; };
		C08DB45827C5125A00D5A79D /* AppDelegate.swift */ = {isa = PBXFileReference; lastKnownFileType = sourcecode.swift; path = AppDelegate.swift; sourceTree = "<group>"; };
		C08DB45A27C5125A00D5A79D /* SceneDelegate.swift */ = {isa = PBXFileReference; lastKnownFileType = sourcecode.swift; path = SceneDelegate.swift; sourceTree = "<group>"; };
		C08DB45C27C5125A00D5A79D /* ViewController.swift */ = {isa = PBXFileReference; lastKnownFileType = sourcecode.swift; path = ViewController.swift; sourceTree = "<group>"; };
		C08DB45F27C5125A00D5A79D /* Base */ = {isa = PBXFileReference; lastKnownFileType = file.storyboard; name = Base; path = Base.lproj/Main.storyboard; sourceTree = "<group>"; };
		C08DB46127C5125B00D5A79D /* Assets.xcassets */ = {isa = PBXFileReference; lastKnownFileType = folder.assetcatalog; path = Assets.xcassets; sourceTree = "<group>"; };
		C08DB46427C5125B00D5A79D /* Base */ = {isa = PBXFileReference; lastKnownFileType = file.storyboard; name = Base; path = Base.lproj/LaunchScreen.storyboard; sourceTree = "<group>"; };
		C08DB46627C5125C00D5A79D /* Info.plist */ = {isa = PBXFileReference; lastKnownFileType = text.plist.xml; path = Info.plist; sourceTree = "<group>"; };
/* End PBXFileReference section */

/* Begin PBXFrameworksBuildPhase section */
		C08DB45227C5125A00D5A79D /* Frameworks */ = {
			isa = PBXFrameworksBuildPhase;
			buildActionMask = 2147483647;
			files = (
			);
			runOnlyForDeploymentPostprocessing = 0;
		};
/* End PBXFrameworksBuildPhase section */

/* Begin PBXGroup section */
		1695E0E927C82404005AA3AC /* Movies */ = {
			isa = PBXGroup;
			children = (
				1695E0EA27C82427005AA3AC /* Movie.swift */,
				1695E0EC27C82459005AA3AC /* Series.swift */,
				1695E0EE27C82485005AA3AC /* Users.swift */,
			);
			path = Movies;
			sourceTree = "<group>";
		};
		1695E0F427C82546005AA3AC /* Service */ = {
			isa = PBXGroup;
			children = (
				1695E0F527C8257E005AA3AC /* MovieService.swift */,
				1695E0F727C825B1005AA3AC /* MovieStore.swift */,
			);
			path = Service;
			sourceTree = "<group>";
		};
		1695E0FA27C8269E005AA3AC /* Bindings */ = {
			isa = PBXGroup;
			children = (
				1695E0FB27C826BB005AA3AC /* ImageLoader.swift */,
				1695E0FD27C826E5005AA3AC /* MovieDetailState.swift */,
				1695E0FF27C8271C005AA3AC /* MovieListState.swift */,
				1695E10127C82758005AA3AC /* MovieSearchState.swift */,
			);
			path = Bindings;
			sourceTree = "<group>";
		};
		C01461A627C6B220001749D4 /* ViewControllers */ = {
			isa = PBXGroup;
			children = (
				C01461A727C6B23E001749D4 /* SearchViewController.swift */,
				C01461B227C7ECE6001749D4 /* MyListViewController.swift */,
				C01461B427C7EE7D001749D4 /* FeaturedViewController.swift */,
			);
			path = ViewControllers;
			sourceTree = "<group>";
		};
		C08DB44C27C5125A00D5A79D = {
			isa = PBXGroup;
			children = (
				C08DB45727C5125A00D5A79D /* MovieWatchlistApp */,
				C08DB45627C5125A00D5A79D /* Products */,
			);
			sourceTree = "<group>";
		};
		C08DB45627C5125A00D5A79D /* Products */ = {
			isa = PBXGroup;
			children = (
				C08DB45527C5125A00D5A79D /* MovieWatchlistApp.app */,
			);
			name = Products;
			sourceTree = "<group>";
		};
		C08DB45727C5125A00D5A79D /* MovieWatchlistApp */ = {
			isa = PBXGroup;
			children = (
				1695E0FA27C8269E005AA3AC /* Bindings */,
				1695E0F427C82546005AA3AC /* Service */,
				1695E0E927C82404005AA3AC /* Movies */,
				C01461A627C6B220001749D4 /* ViewControllers */,
				C08DB45827C5125A00D5A79D /* AppDelegate.swift */,
				C08DB45A27C5125A00D5A79D /* SceneDelegate.swift */,
				1695E0F027C824DE005AA3AC /* Search.swift */,
				1695E0F227C82506005AA3AC /* Utils.swift */,
				C08DB45C27C5125A00D5A79D /* ViewController.swift */,
				C08DB45E27C5125A00D5A79D /* Main.storyboard */,
				C08DB46127C5125B00D5A79D /* Assets.xcassets */,
				C08DB46327C5125B00D5A79D /* LaunchScreen.storyboard */,
				C08DB46627C5125C00D5A79D /* Info.plist */,
			);
			path = MovieWatchlistApp;
			sourceTree = "<group>";
		};
/* End PBXGroup section */

/* Begin PBXNativeTarget section */
		C08DB45427C5125A00D5A79D /* MovieWatchlistApp */ = {
			isa = PBXNativeTarget;
			buildConfigurationList = C08DB46927C5125C00D5A79D /* Build configuration list for PBXNativeTarget "MovieWatchlistApp" */;
			buildPhases = (
				C08DB45127C5125A00D5A79D /* Sources */,
				C08DB45227C5125A00D5A79D /* Frameworks */,
				C08DB45327C5125A00D5A79D /* Resources */,
			);
			buildRules = (
			);
			dependencies = (
			);
			name = MovieWatchlistApp;
			productName = MovieWatchlistApp;
			productReference = C08DB45527C5125A00D5A79D /* MovieWatchlistApp.app */;
			productType = "com.apple.product-type.application";
		};
/* End PBXNativeTarget section */

/* Begin PBXProject section */
		C08DB44D27C5125A00D5A79D /* Project object */ = {
			isa = PBXProject;
			attributes = {
				BuildIndependentTargetsInParallel = 1;
				LastSwiftUpdateCheck = 1320;
				LastUpgradeCheck = 1320;
				TargetAttributes = {
					C08DB45427C5125A00D5A79D = {
						CreatedOnToolsVersion = 13.2.1;
					};
				};
			};
			buildConfigurationList = C08DB45027C5125A00D5A79D /* Build configuration list for PBXProject "MovieWatchlistApp" */;
			compatibilityVersion = "Xcode 13.0";
			developmentRegion = en;
			hasScannedForEncodings = 0;
			knownRegions = (
				en,
				Base,
			);
			mainGroup = C08DB44C27C5125A00D5A79D;
			productRefGroup = C08DB45627C5125A00D5A79D /* Products */;
			projectDirPath = "";
			projectRoot = "";
			targets = (
				C08DB45427C5125A00D5A79D /* MovieWatchlistApp */,
			);
		};
/* End PBXProject section */

/* Begin PBXResourcesBuildPhase section */
		C08DB45327C5125A00D5A79D /* Resources */ = {
			isa = PBXResourcesBuildPhase;
			buildActionMask = 2147483647;
			files = (
				C08DB46527C5125B00D5A79D /* LaunchScreen.storyboard in Resources */,
				C08DB46227C5125B00D5A79D /* Assets.xcassets in Resources */,
				C08DB46027C5125A00D5A79D /* Main.storyboard in Resources */,
			);
			runOnlyForDeploymentPostprocessing = 0;
		};
/* End PBXResourcesBuildPhase section */

/* Begin PBXSourcesBuildPhase section */
		C08DB45127C5125A00D5A79D /* Sources */ = {
			isa = PBXSourcesBuildPhase;
			buildActionMask = 2147483647;
			files = (
				1695E0FC27C826BB005AA3AC /* ImageLoader.swift in Sources */,
				1695E0EB27C82427005AA3AC /* Movie.swift in Sources */,
				1695E0EF27C82485005AA3AC /* Users.swift in Sources */,
				1695E0FE27C826E5005AA3AC /* MovieDetailState.swift in Sources */,
				C08DB45D27C5125A00D5A79D /* ViewController.swift in Sources */,
				1695E10227C82758005AA3AC /* MovieSearchState.swift in Sources */,
				1695E0F827C825B1005AA3AC /* MovieStore.swift in Sources */,
				1695E0ED27C82459005AA3AC /* Series.swift in Sources */,
				C08DB45927C5125A00D5A79D /* AppDelegate.swift in Sources */,
				C01461B327C7ECE6001749D4 /* MyListViewController.swift in Sources */,
				1695E0F627C8257E005AA3AC /* MovieService.swift in Sources */,
				C01461A827C6B23E001749D4 /* SearchViewController.swift in Sources */,
				1695E0F327C82506005AA3AC /* Utils.swift in Sources */,
				1695E10027C8271C005AA3AC /* MovieListState.swift in Sources */,
				1695E0F127C824DE005AA3AC /* Search.swift in Sources */,
				C01461B527C7EE7D001749D4 /* FeaturedViewController.swift in Sources */,
				C08DB45B27C5125A00D5A79D /* SceneDelegate.swift in Sources */,
			);
			runOnlyForDeploymentPostprocessing = 0;
		};
/* End PBXSourcesBuildPhase section */

/* Begin PBXVariantGroup section */
		C08DB45E27C5125A00D5A79D /* Main.storyboard */ = {
			isa = PBXVariantGroup;
			children = (
				C08DB45F27C5125A00D5A79D /* Base */,
			);
			name = Main.storyboard;
			sourceTree = "<group>";
		};
		C08DB46327C5125B00D5A79D /* LaunchScreen.storyboard */ = {
			isa = PBXVariantGroup;
			children = (
				C08DB46427C5125B00D5A79D /* Base */,
			);
			name = LaunchScreen.storyboard;
			sourceTree = "<group>";
		};
/* End PBXVariantGroup section */

/* Begin XCBuildConfiguration section */
		C08DB46727C5125C00D5A79D /* Debug */ = {
			isa = XCBuildConfiguration;
			buildSettings = {
				ALWAYS_SEARCH_USER_PATHS = NO;
				CLANG_ANALYZER_NONNULL = YES;
				CLANG_ANALYZER_NUMBER_OBJECT_CONVERSION = YES_AGGRESSIVE;
				CLANG_CXX_LANGUAGE_STANDARD = "gnu++17";
				CLANG_CXX_LIBRARY = "libc++";
				CLANG_ENABLE_MODULES = YES;
				CLANG_ENABLE_OBJC_ARC = YES;
				CLANG_ENABLE_OBJC_WEAK = YES;
				CLANG_WARN_BLOCK_CAPTURE_AUTORELEASING = YES;
				CLANG_WARN_BOOL_CONVERSION = YES;
				CLANG_WARN_COMMA = YES;
				CLANG_WARN_CONSTANT_CONVERSION = YES;
				CLANG_WARN_DEPRECATED_OBJC_IMPLEMENTATIONS = YES;
				CLANG_WARN_DIRECT_OBJC_ISA_USAGE = YES_ERROR;
				CLANG_WARN_DOCUMENTATION_COMMENTS = YES;
				CLANG_WARN_EMPTY_BODY = YES;
				CLANG_WARN_ENUM_CONVERSION = YES;
				CLANG_WARN_INFINITE_RECURSION = YES;
				CLANG_WARN_INT_CONVERSION = YES;
				CLANG_WARN_NON_LITERAL_NULL_CONVERSION = YES;
				CLANG_WARN_OBJC_IMPLICIT_RETAIN_SELF = YES;
				CLANG_WARN_OBJC_LITERAL_CONVERSION = YES;
				CLANG_WARN_OBJC_ROOT_CLASS = YES_ERROR;
				CLANG_WARN_QUOTED_INCLUDE_IN_FRAMEWORK_HEADER = YES;
				CLANG_WARN_RANGE_LOOP_ANALYSIS = YES;
				CLANG_WARN_STRICT_PROTOTYPES = YES;
				CLANG_WARN_SUSPICIOUS_MOVE = YES;
				CLANG_WARN_UNGUARDED_AVAILABILITY = YES_AGGRESSIVE;
				CLANG_WARN_UNREACHABLE_CODE = YES;
				CLANG_WARN__DUPLICATE_METHOD_MATCH = YES;
				COPY_PHASE_STRIP = NO;
				DEBUG_INFORMATION_FORMAT = dwarf;
				ENABLE_STRICT_OBJC_MSGSEND = YES;
				ENABLE_TESTABILITY = YES;
				GCC_C_LANGUAGE_STANDARD = gnu11;
				GCC_DYNAMIC_NO_PIC = NO;
				GCC_NO_COMMON_BLOCKS = YES;
				GCC_OPTIMIZATION_LEVEL = 0;
				GCC_PREPROCESSOR_DEFINITIONS = (
					"DEBUG=1",
					"$(inherited)",
				);
				GCC_WARN_64_TO_32_BIT_CONVERSION = YES;
				GCC_WARN_ABOUT_RETURN_TYPE = YES_ERROR;
				GCC_WARN_UNDECLARED_SELECTOR = YES;
				GCC_WARN_UNINITIALIZED_AUTOS = YES_AGGRESSIVE;
				GCC_WARN_UNUSED_FUNCTION = YES;
				GCC_WARN_UNUSED_VARIABLE = YES;
				IPHONEOS_DEPLOYMENT_TARGET = 15.2;
				MTL_ENABLE_DEBUG_INFO = INCLUDE_SOURCE;
				MTL_FAST_MATH = YES;
				ONLY_ACTIVE_ARCH = YES;
				SDKROOT = iphoneos;
				SWIFT_ACTIVE_COMPILATION_CONDITIONS = DEBUG;
				SWIFT_OPTIMIZATION_LEVEL = "-Onone";
			};
			name = Debug;
		};
		C08DB46827C5125C00D5A79D /* Release */ = {
			isa = XCBuildConfiguration;
			buildSettings = {
				ALWAYS_SEARCH_USER_PATHS = NO;
				CLANG_ANALYZER_NONNULL = YES;
				CLANG_ANALYZER_NUMBER_OBJECT_CONVERSION = YES_AGGRESSIVE;
				CLANG_CXX_LANGUAGE_STANDARD = "gnu++17";
				CLANG_CXX_LIBRARY = "libc++";
				CLANG_ENABLE_MODULES = YES;
				CLANG_ENABLE_OBJC_ARC = YES;
				CLANG_ENABLE_OBJC_WEAK = YES;
				CLANG_WARN_BLOCK_CAPTURE_AUTORELEASING = YES;
				CLANG_WARN_BOOL_CONVERSION = YES;
				CLANG_WARN_COMMA = YES;
				CLANG_WARN_CONSTANT_CONVERSION = YES;
				CLANG_WARN_DEPRECATED_OBJC_IMPLEMENTATIONS = YES;
				CLANG_WARN_DIRECT_OBJC_ISA_USAGE = YES_ERROR;
				CLANG_WARN_DOCUMENTATION_COMMENTS = YES;
				CLANG_WARN_EMPTY_BODY = YES;
				CLANG_WARN_ENUM_CONVERSION = YES;
				CLANG_WARN_INFINITE_RECURSION = YES;
				CLANG_WARN_INT_CONVERSION = YES;
				CLANG_WARN_NON_LITERAL_NULL_CONVERSION = YES;
				CLANG_WARN_OBJC_IMPLICIT_RETAIN_SELF = YES;
				CLANG_WARN_OBJC_LITERAL_CONVERSION = YES;
				CLANG_WARN_OBJC_ROOT_CLASS = YES_ERROR;
				CLANG_WARN_QUOTED_INCLUDE_IN_FRAMEWORK_HEADER = YES;
				CLANG_WARN_RANGE_LOOP_ANALYSIS = YES;
				CLANG_WARN_STRICT_PROTOTYPES = YES;
				CLANG_WARN_SUSPICIOUS_MOVE = YES;
				CLANG_WARN_UNGUARDED_AVAILABILITY = YES_AGGRESSIVE;
				CLANG_WARN_UNREACHABLE_CODE = YES;
				CLANG_WARN__DUPLICATE_METHOD_MATCH = YES;
				COPY_PHASE_STRIP = NO;
				DEBUG_INFORMATION_FORMAT = "dwarf-with-dsym";
				ENABLE_NS_ASSERTIONS = NO;
				ENABLE_STRICT_OBJC_MSGSEND = YES;
				GCC_C_LANGUAGE_STANDARD = gnu11;
				GCC_NO_COMMON_BLOCKS = YES;
				GCC_WARN_64_TO_32_BIT_CONVERSION = YES;
				GCC_WARN_ABOUT_RETURN_TYPE = YES_ERROR;
				GCC_WARN_UNDECLARED_SELECTOR = YES;
				GCC_WARN_UNINITIALIZED_AUTOS = YES_AGGRESSIVE;
				GCC_WARN_UNUSED_FUNCTION = YES;
				GCC_WARN_UNUSED_VARIABLE = YES;
				IPHONEOS_DEPLOYMENT_TARGET = 15.2;
				MTL_ENABLE_DEBUG_INFO = NO;
				MTL_FAST_MATH = YES;
				SDKROOT = iphoneos;
				SWIFT_COMPILATION_MODE = wholemodule;
				SWIFT_OPTIMIZATION_LEVEL = "-O";
				VALIDATE_PRODUCT = YES;
			};
			name = Release;
		};
		C08DB46A27C5125C00D5A79D /* Debug */ = {
			isa = XCBuildConfiguration;
			buildSettings = {
				ASSETCATALOG_COMPILER_APPICON_NAME = AppIcon;
				ASSETCATALOG_COMPILER_GLOBAL_ACCENT_COLOR_NAME = AccentColor;
				CODE_SIGN_STYLE = Automatic;
				CURRENT_PROJECT_VERSION = 1;
				DEVELOPMENT_TEAM = 2L24TQ8W95;
				GENERATE_INFOPLIST_FILE = YES;
				INFOPLIST_FILE = MovieWatchlistApp/Info.plist;
				INFOPLIST_KEY_CFBundleDisplayName = Watchlist;
				INFOPLIST_KEY_UIApplicationSupportsIndirectInputEvents = YES;
				INFOPLIST_KEY_UILaunchStoryboardName = LaunchScreen;
				INFOPLIST_KEY_UIMainStoryboardFile = Main;
				INFOPLIST_KEY_UISupportedInterfaceOrientations_iPad = "UIInterfaceOrientationPortrait UIInterfaceOrientationPortraitUpsideDown UIInterfaceOrientationLandscapeLeft UIInterfaceOrientationLandscapeRight";
				INFOPLIST_KEY_UISupportedInterfaceOrientations_iPhone = "UIInterfaceOrientationPortrait UIInterfaceOrientationLandscapeLeft UIInterfaceOrientationLandscapeRight";
				LD_RUNPATH_SEARCH_PATHS = (
					"$(inherited)",
					"@executable_path/Frameworks",
				);
				MARKETING_VERSION = 1.0;
				PRODUCT_BUNDLE_IDENTIFIER = bg.sofia.uni.fmi.ios.MovieWatchlistApp;
				PRODUCT_NAME = "$(TARGET_NAME)";
				SWIFT_EMIT_LOC_STRINGS = YES;
				SWIFT_VERSION = 5.0;
				TARGETED_DEVICE_FAMILY = "1,2";
			};
			name = Debug;
		};
		C08DB46B27C5125C00D5A79D /* Release */ = {
			isa = XCBuildConfiguration;
			buildSettings = {
				ASSETCATALOG_COMPILER_APPICON_NAME = AppIcon;
				ASSETCATALOG_COMPILER_GLOBAL_ACCENT_COLOR_NAME = AccentColor;
				CODE_SIGN_STYLE = Automatic;
				CURRENT_PROJECT_VERSION = 1;
				DEVELOPMENT_TEAM = 2L24TQ8W95;
				GENERATE_INFOPLIST_FILE = YES;
				INFOPLIST_FILE = MovieWatchlistApp/Info.plist;
				INFOPLIST_KEY_CFBundleDisplayName = Watchlist;
				INFOPLIST_KEY_UIApplicationSupportsIndirectInputEvents = YES;
				INFOPLIST_KEY_UILaunchStoryboardName = LaunchScreen;
				INFOPLIST_KEY_UIMainStoryboardFile = Main;
				INFOPLIST_KEY_UISupportedInterfaceOrientations_iPad = "UIInterfaceOrientationPortrait UIInterfaceOrientationPortraitUpsideDown UIInterfaceOrientationLandscapeLeft UIInterfaceOrientationLandscapeRight";
				INFOPLIST_KEY_UISupportedInterfaceOrientations_iPhone = "UIInterfaceOrientationPortrait UIInterfaceOrientationLandscapeLeft UIInterfaceOrientationLandscapeRight";
				LD_RUNPATH_SEARCH_PATHS = (
					"$(inherited)",
					"@executable_path/Frameworks",
				);
				MARKETING_VERSION = 1.0;
				PRODUCT_BUNDLE_IDENTIFIER = bg.sofia.uni.fmi.ios.MovieWatchlistApp;
				PRODUCT_NAME = "$(TARGET_NAME)";
				SWIFT_EMIT_LOC_STRINGS = YES;
				SWIFT_VERSION = 5.0;
				TARGETED_DEVICE_FAMILY = "1,2";
			};
			name = Release;
		};
/* End XCBuildConfiguration section */

/* Begin XCConfigurationList section */
		C08DB45027C5125A00D5A79D /* Build configuration list for PBXProject "MovieWatchlistApp" */ = {
			isa = XCConfigurationList;
			buildConfigurations = (
				C08DB46727C5125C00D5A79D /* Debug */,
				C08DB46827C5125C00D5A79D /* Release */,
			);
			defaultConfigurationIsVisible = 0;
			defaultConfigurationName = Release;
		};
		C08DB46927C5125C00D5A79D /* Build configuration list for PBXNativeTarget "MovieWatchlistApp" */ = {
			isa = XCConfigurationList;
			buildConfigurations = (
				C08DB46A27C5125C00D5A79D /* Debug */,
				C08DB46B27C5125C00D5A79D /* Release */,
			);
			defaultConfigurationIsVisible = 0;
			defaultConfigurationName = Release;
		};
/* End XCConfigurationList section */
	};
	rootObject = C08DB44D27C5125A00D5A79D /* Project object */;
}
